
Microsoft Visual Studio Solution File, Format Version 12.00
# Visual Studio Version 17
VisualStudioVersion = 17.9.34728.123
MinimumVisualStudioVersion = 10.0.40219.1
Project("{9A19103F-16F7-4668-BE54-9A1E7A4F7556}") = "KafkaConsumerApp", "KafkaConsumerApp.csproj", "{62EDF1D3-BE53-4E54-8C04-2A2F244545DF}"
EndProject
Global
	GlobalSection(SolutionConfigurationPlatforms) = preSolution
		Debug|Any CPU = Debug|Any CPU
		Release|Any CPU = Release|Any CPU
	EndGlobalSection
	GlobalSection(ProjectConfigurationPlatforms) = postSolution
		{62EDF1D3-BE53-4E54-8C04-2A2F244545DF}.Debug|Any CPU.ActiveCfg = Debug|Any CPU
		{62EDF1D3-BE53-4E54-8C04-2A2F244545DF}.Debug|Any CPU.Build.0 = Debug|Any CPU
		{62EDF1D3-BE53-4E54-8C04-2A2F244545DF}.Release|Any CPU.ActiveCfg = Release|Any CPU
		{62EDF1D3-BE53-4E54-8C04-2A2F244545DF}.Release|Any CPU.Build.0 = Release|Any CPU
	EndGlobalSection
	GlobalSection(SolutionProperties) = preSolution
		HideSolutionNode = FALSE
	EndGlobalSection
	GlobalSection(ExtensibilityGlobals) = postSolution
		SolutionGuid = {E641C890-D0DB-4F08-8E20-5442BA7CE7D5}
	EndGlobalSection
EndGlobal
